// !$*UTF8*$!
{
	archiveVersion = 1;
	classes = {
	};
	objectVersion = 46;
	objects = {

/* Begin PBXBuildFile section */
		F692C39A1EDCBF01006804AA /* AppDelegate.swift in Sources */ = {isa = PBXBuildFile; fileRef = F692C3991EDCBF01006804AA /* AppDelegate.swift */; };
		F692C39C1EDCBF01006804AA /* ViewController.swift in Sources */ = {isa = PBXBuildFile; fileRef = F692C39B1EDCBF01006804AA /* ViewController.swift */; };
		F692C39F1EDCBF01006804AA /* Main.storyboard in Resources */ = {isa = PBXBuildFile; fileRef = F692C39D1EDCBF01006804AA /* Main.storyboard */; };
		F692C3A21EDCBF01006804AA /* DreamList.xcdatamodeld in Sources */ = {isa = PBXBuildFile; fileRef = F692C3A01EDCBF01006804AA /* DreamList.xcdatamodeld */; };
		F692C3A41EDCBF01006804AA /* Assets.xcassets in Resources */ = {isa = PBXBuildFile; fileRef = F692C3A31EDCBF01006804AA /* Assets.xcassets */; };
		F692C3A71EDCBF01006804AA /* LaunchScreen.storyboard in Resources */ = {isa = PBXBuildFile; fileRef = F692C3A51EDCBF01006804AA /* LaunchScreen.storyboard */; };
		F692C3B61EDCC334006804AA /* ItemType+CoreDataClass.swift in Sources */ = {isa = PBXBuildFile; fileRef = F692C3AE1EDCC334006804AA /* ItemType+CoreDataClass.swift */; };
		F692C3B71EDCC334006804AA /* ItemType+CoreDataProperties.swift in Sources */ = {isa = PBXBuildFile; fileRef = F692C3AF1EDCC334006804AA /* ItemType+CoreDataProperties.swift */; };
		F692C3B81EDCC334006804AA /* Item+CoreDataClass.swift in Sources */ = {isa = PBXBuildFile; fileRef = F692C3B01EDCC334006804AA /* Item+CoreDataClass.swift */; };
		F692C3B91EDCC334006804AA /* Item+CoreDataProperties.swift in Sources */ = {isa = PBXBuildFile; fileRef = F692C3B11EDCC334006804AA /* Item+CoreDataProperties.swift */; };
		F692C3BA1EDCC334006804AA /* Image+CoreDataClass.swift in Sources */ = {isa = PBXBuildFile; fileRef = F692C3B21EDCC334006804AA /* Image+CoreDataClass.swift */; };
		F692C3BB1EDCC334006804AA /* Image+CoreDataProperties.swift in Sources */ = {isa = PBXBuildFile; fileRef = F692C3B31EDCC334006804AA /* Image+CoreDataProperties.swift */; };
		F692C3BC1EDCC334006804AA /* Store+CoreDataClass.swift in Sources */ = {isa = PBXBuildFile; fileRef = F692C3B41EDCC334006804AA /* Store+CoreDataClass.swift */; };
		F692C3BD1EDCC334006804AA /* Store+CoreDataProperties.swift in Sources */ = {isa = PBXBuildFile; fileRef = F692C3B51EDCC334006804AA /* Store+CoreDataProperties.swift */; };
/* End PBXBuildFile section */

/* Begin PBXFileReference section */
		F692C3961EDCBF01006804AA /* DreamList.app */ = {isa = PBXFileReference; explicitFileType = wrapper.application; includeInIndex = 0; path = DreamList.app; sourceTree = BUILT_PRODUCTS_DIR; };
		F692C3991EDCBF01006804AA /* AppDelegate.swift */ = {isa = PBXFileReference; lastKnownFileType = sourcecode.swift; path = AppDelegate.swift; sourceTree = "<group>"; };
		F692C39B1EDCBF01006804AA /* ViewController.swift */ = {isa = PBXFileReference; lastKnownFileType = sourcecode.swift; path = ViewController.swift; sourceTree = "<group>"; };
		F692C39E1EDCBF01006804AA /* Base */ = {isa = PBXFileReference; lastKnownFileType = file.storyboard; name = Base; path = Base.lproj/Main.storyboard; sourceTree = "<group>"; };
		F692C3A11EDCBF01006804AA /* DreamList.xcdatamodel */ = {isa = PBXFileReference; lastKnownFileType = wrapper.xcdatamodel; path = DreamList.xcdatamodel; sourceTree = "<group>"; };
		F692C3A31EDCBF01006804AA /* Assets.xcassets */ = {isa = PBXFileReference; lastKnownFileType = folder.assetcatalog; path = Assets.xcassets; sourceTree = "<group>"; };
		F692C3A61EDCBF01006804AA /* Base */ = {isa = PBXFileReference; lastKnownFileType = file.storyboard; name = Base; path = Base.lproj/LaunchScreen.storyboard; sourceTree = "<group>"; };
		F692C3A81EDCBF01006804AA /* Info.plist */ = {isa = PBXFileReference; lastKnownFileType = text.plist.xml; path = Info.plist; sourceTree = "<group>"; };
		F692C3AE1EDCC334006804AA /* ItemType+CoreDataClass.swift */ = {isa = PBXFileReference; fileEncoding = 4; lastKnownFileType = sourcecode.swift; path = "ItemType+CoreDataClass.swift"; sourceTree = "<group>"; };
		F692C3AF1EDCC334006804AA /* ItemType+CoreDataProperties.swift */ = {isa = PBXFileReference; fileEncoding = 4; lastKnownFileType = sourcecode.swift; path = "ItemType+CoreDataProperties.swift"; sourceTree = "<group>"; };
		F692C3B01EDCC334006804AA /* Item+CoreDataClass.swift */ = {isa = PBXFileReference; fileEncoding = 4; lastKnownFileType = sourcecode.swift; path = "Item+CoreDataClass.swift"; sourceTree = "<group>"; };
		F692C3B11EDCC334006804AA /* Item+CoreDataProperties.swift */ = {isa = PBXFileReference; fileEncoding = 4; lastKnownFileType = sourcecode.swift; path = "Item+CoreDataProperties.swift"; sourceTree = "<group>"; };
		F692C3B21EDCC334006804AA /* Image+CoreDataClass.swift */ = {isa = PBXFileReference; fileEncoding = 4; lastKnownFileType = sourcecode.swift; path = "Image+CoreDataClass.swift"; sourceTree = "<group>"; };
		F692C3B31EDCC334006804AA /* Image+CoreDataProperties.swift */ = {isa = PBXFileReference; fileEncoding = 4; lastKnownFileType = sourcecode.swift; path = "Image+CoreDataProperties.swift"; sourceTree = "<group>"; };
		F692C3B41EDCC334006804AA /* Store+CoreDataClass.swift */ = {isa = PBXFileReference; fileEncoding = 4; lastKnownFileType = sourcecode.swift; path = "Store+CoreDataClass.swift"; sourceTree = "<group>"; };
		F692C3B51EDCC334006804AA /* Store+CoreDataProperties.swift */ = {isa = PBXFileReference; fileEncoding = 4; lastKnownFileType = sourcecode.swift; path = "Store+CoreDataProperties.swift"; sourceTree = "<group>"; };
/* End PBXFileReference section */

/* Begin PBXFrameworksBuildPhase section */
		F692C3931EDCBF01006804AA /* Frameworks */ = {
			isa = PBXFrameworksBuildPhase;
			buildActionMask = 2147483647;
			files = (
			);
			runOnlyForDeploymentPostprocessing = 0;
		};
/* End PBXFrameworksBuildPhase section */

/* Begin PBXGroup section */
		F692C38D1EDCBF01006804AA = {
			isa = PBXGroup;
			children = (
				F692C3981EDCBF01006804AA /* DreamList */,
				F692C3971EDCBF01006804AA /* Products */,
			);
			sourceTree = "<group>";
		};
		F692C3971EDCBF01006804AA /* Products */ = {
			isa = PBXGroup;
			children = (
				F692C3961EDCBF01006804AA /* DreamList.app */,
			);
			name = Products;
			sourceTree = "<group>";
		};
		F692C3981EDCBF01006804AA /* DreamList */ = {
			isa = PBXGroup;
			children = (
				F692C3BE1EDCC349006804AA /* Model */,
				F692C3991EDCBF01006804AA /* AppDelegate.swift */,
				F692C39B1EDCBF01006804AA /* ViewController.swift */,
				F692C39D1EDCBF01006804AA /* Main.storyboard */,
				F692C3A31EDCBF01006804AA /* Assets.xcassets */,
				F692C3A51EDCBF01006804AA /* LaunchScreen.storyboard */,
				F692C3A81EDCBF01006804AA /* Info.plist */,
				F692C3A01EDCBF01006804AA /* DreamList.xcdatamodeld */,
			);
			path = DreamList;
			sourceTree = "<group>";
		};
		F692C3BE1EDCC349006804AA /* Model */ = {
			isa = PBXGroup;
			children = (
				F692C3AE1EDCC334006804AA /* ItemType+CoreDataClass.swift */,
				F692C3B01EDCC334006804AA /* Item+CoreDataClass.swift */,
				F692C3B21EDCC334006804AA /* Image+CoreDataClass.swift */,
				F692C3B41EDCC334006804AA /* Store+CoreDataClass.swift */,
				F692C3BF1EDCC351006804AA /* Generated */,
			);
			name = Model;
			sourceTree = "<group>";
		};
		F692C3BF1EDCC351006804AA /* Generated */ = {
			isa = PBXGroup;
			children = (
				F692C3AF1EDCC334006804AA /* ItemType+CoreDataProperties.swift */,
				F692C3B11EDCC334006804AA /* Item+CoreDataProperties.swift */,
				F692C3B31EDCC334006804AA /* Image+CoreDataProperties.swift */,
				F692C3B51EDCC334006804AA /* Store+CoreDataProperties.swift */,
			);
			name = Generated;
			sourceTree = "<group>";
		};
/* End PBXGroup section */

/* Begin PBXNativeTarget section */
		F692C3951EDCBF01006804AA /* DreamList */ = {
			isa = PBXNativeTarget;
			buildConfigurationList = F692C3AB1EDCBF01006804AA /* Build configuration list for PBXNativeTarget "DreamList" */;
			buildPhases = (
				F692C3921EDCBF01006804AA /* Sources */,
				F692C3931EDCBF01006804AA /* Frameworks */,
				F692C3941EDCBF01006804AA /* Resources */,
			);
			buildRules = (
			);
			dependencies = (
			);
			name = DreamList;
			productName = DreamList;
			productReference = F692C3961EDCBF01006804AA /* DreamList.app */;
			productType = "com.apple.product-type.application";
		};
/* End PBXNativeTarget section */

/* Begin PBXProject section */
		F692C38E1EDCBF01006804AA /* Project object */ = {
			isa = PBXProject;
			attributes = {
				LastSwiftUpdateCheck = 0830;
				LastUpgradeCheck = 0830;
				ORGANIZATIONNAME = "Lane Faison";
				TargetAttributes = {
					F692C3951EDCBF01006804AA = {
						CreatedOnToolsVersion = 8.3.2;
						DevelopmentTeam = 34KC4VR7Y2;
						ProvisioningStyle = Automatic;
					};
				};
			};
			buildConfigurationList = F692C3911EDCBF01006804AA /* Build configuration list for PBXProject "DreamList" */;
			compatibilityVersion = "Xcode 3.2";
			developmentRegion = English;
			hasScannedForEncodings = 0;
			knownRegions = (
				en,
				Base,
			);
			mainGroup = F692C38D1EDCBF01006804AA;
			productRefGroup = F692C3971EDCBF01006804AA /* Products */;
			projectDirPath = "";
			projectRoot = "";
			targets = (
				F692C3951EDCBF01006804AA /* DreamList */,
			);
		};
/* End PBXProject section */

/* Begin PBXResourcesBuildPhase section */
		F692C3941EDCBF01006804AA /* Resources */ = {
			isa = PBXResourcesBuildPhase;
			buildActionMask = 2147483647;
			files = (
				F692C3A71EDCBF01006804AA /* LaunchScreen.storyboard in Resources */,
				F692C3A41EDCBF01006804AA /* Assets.xcassets in Resources */,
				F692C39F1EDCBF01006804AA /* Main.storyboard in Resources */,
			);
			runOnlyForDeploymentPostprocessing = 0;
		};
/* End PBXResourcesBuildPhase section */

/* Begin PBXSourcesBuildPhase section */
		F692C3921EDCBF01006804AA /* Sources */ = {
			isa = PBXSourcesBuildPhase;
			buildActionMask = 2147483647;
			files = (
				F692C3BB1EDCC334006804AA /* Image+CoreDataProperties.swift in Sources */,
				F692C3B91EDCC334006804AA /* Item+CoreDataProperties.swift in Sources */,
				F692C3B81EDCC334006804AA /* Item+CoreDataClass.swift in Sources */,
				F692C3B61EDCC334006804AA /* ItemType+CoreDataClass.swift in Sources */,
				F692C3BD1EDCC334006804AA /* Store+CoreDataProperties.swift in Sources */,
				F692C3BA1EDCC334006804AA /* Image+CoreDataClass.swift in Sources */,
				F692C3B71EDCC334006804AA /* ItemType+CoreDataProperties.swift in Sources */,
				F692C39C1EDCBF01006804AA /* ViewController.swift in Sources */,
				F692C3BC1EDCC334006804AA /* Store+CoreDataClass.swift in Sources */,
				F692C39A1EDCBF01006804AA /* AppDelegate.swift in Sources */,
				F692C3A21EDCBF01006804AA /* DreamList.xcdatamodeld in Sources */,
			);
			runOnlyForDeploymentPostprocessing = 0;
		};
/* End PBXSourcesBuildPhase section */

/* Begin PBXVariantGroup section */
		F692C39D1EDCBF01006804AA /* Main.storyboard */ = {
			isa = PBXVariantGroup;
			children = (
				F692C39E1EDCBF01006804AA /* Base */,
			);
			name = Main.storyboard;
			sourceTree = "<group>";
		};
		F692C3A51EDCBF01006804AA /* LaunchScreen.storyboard */ = {
			isa = PBXVariantGroup;
			children = (
				F692C3A61EDCBF01006804AA /* Base */,
			);
			name = LaunchScreen.storyboard;
			sourceTree = "<group>";
		};
/* End PBXVariantGroup section */

/* Begin XCBuildConfiguration section */
		F692C3A91EDCBF01006804AA /* Debug */ = {
			isa = XCBuildConfiguration;
			buildSettings = {
				ALWAYS_SEARCH_USER_PATHS = NO;
				CLANG_ANALYZER_NONNULL = YES;
				CLANG_ANALYZER_NUMBER_OBJECT_CONVERSION = YES_AGGRESSIVE;
				CLANG_CXX_LANGUAGE_STANDARD = "gnu++0x";
				CLANG_CXX_LIBRARY = "libc++";
				CLANG_ENABLE_MODULES = YES;
				CLANG_ENABLE_OBJC_ARC = YES;
				CLANG_WARN_BOOL_CONVERSION = YES;
				CLANG_WARN_CONSTANT_CONVERSION = YES;
				CLANG_WARN_DIRECT_OBJC_ISA_USAGE = YES_ERROR;
				CLANG_WARN_DOCUMENTATION_COMMENTS = YES;
				CLANG_WARN_EMPTY_BODY = YES;
				CLANG_WARN_ENUM_CONVERSION = YES;
				CLANG_WARN_INFINITE_RECURSION = YES;
				CLANG_WARN_INT_CONVERSION = YES;
				CLANG_WARN_OBJC_ROOT_CLASS = YES_ERROR;
				CLANG_WARN_SUSPICIOUS_MOVE = YES;
				CLANG_WARN_UNREACHABLE_CODE = YES;
				CLANG_WARN__DUPLICATE_METHOD_MATCH = YES;
				"CODE_SIGN_IDENTITY[sdk=iphoneos*]" = "iPhone Developer";
				COPY_PHASE_STRIP = NO;
				DEBUG_INFORMATION_FORMAT = dwarf;
				ENABLE_STRICT_OBJC_MSGSEND = YES;
				ENABLE_TESTABILITY = YES;
				GCC_C_LANGUAGE_STANDARD = gnu99;
				GCC_DYNAMIC_NO_PIC = NO;
				GCC_NO_COMMON_BLOCKS = YES;
				GCC_OPTIMIZATION_LEVEL = 0;
				GCC_PREPROCESSOR_DEFINITIONS = (
					"DEBUG=1",
					"$(inherited)",
				);
				GCC_WARN_64_TO_32_BIT_CONVERSION = YES;
				GCC_WARN_ABOUT_RETURN_TYPE = YES_ERROR;
				GCC_WARN_UNDECLARED_SELECTOR = YES;
				GCC_WARN_UNINITIALIZED_AUTOS = YES_AGGRESSIVE;
				GCC_WARN_UNUSED_FUNCTION = YES;
				GCC_WARN_UNUSED_VARIABLE = YES;
				IPHONEOS_DEPLOYMENT_TARGET = 10.3;
				MTL_ENABLE_DEBUG_INFO = YES;
				ONLY_ACTIVE_ARCH = YES;
				SDKROOT = iphoneos;
				SWIFT_ACTIVE_COMPILATION_CONDITIONS = DEBUG;
				SWIFT_OPTIMIZATION_LEVEL = "-Onone";
			};
			name = Debug;
		};
		F692C3AA1EDCBF01006804AA /* Release */ = {
			isa = XCBuildConfiguration;
			buildSettings = {
				ALWAYS_SEARCH_USER_PATHS = NO;
				CLANG_ANALYZER_NONNULL = YES;
				CLANG_ANALYZER_NUMBER_OBJECT_CONVERSION = YES_AGGRESSIVE;
				CLANG_CXX_LANGUAGE_STANDARD = "gnu++0x";
				CLANG_CXX_LIBRARY = "libc++";
				CLANG_ENABLE_MODULES = YES;
				CLANG_ENABLE_OBJC_ARC = YES;
				CLANG_WARN_BOOL_CONVERSION = YES;
				CLANG_WARN_CONSTANT_CONVERSION = YES;
				CLANG_WARN_DIRECT_OBJC_ISA_USAGE = YES_ERROR;
				CLANG_WARN_DOCUMENTATION_COMMENTS = YES;
				CLANG_WARN_EMPTY_BODY = YES;
				CLANG_WARN_ENUM_CONVERSION = YES;
				CLANG_WARN_INFINITE_RECURSION = YES;
				CLANG_WARN_INT_CONVERSION = YES;
				CLANG_WARN_OBJC_ROOT_CLASS = YES_ERROR;
				CLANG_WARN_SUSPICIOUS_MOVE = YES;
				CLANG_WARN_UNREACHABLE_CODE = YES;
				CLANG_WARN__DUPLICATE_METHOD_MATCH = YES;
				"CODE_SIGN_IDENTITY[sdk=iphoneos*]" = "iPhone Developer";
				COPY_PHASE_STRIP = NO;
				DEBUG_INFORMATION_FORMAT = "dwarf-with-dsym";
				ENABLE_NS_ASSERTIONS = NO;
				ENABLE_STRICT_OBJC_MSGSEND = YES;
				GCC_C_LANGUAGE_STANDARD = gnu99;
				GCC_NO_COMMON_BLOCKS = YES;
				GCC_WARN_64_TO_32_BIT_CONVERSION = YES;
				GCC_WARN_ABOUT_RETURN_TYPE = YES_ERROR;
				GCC_WARN_UNDECLARED_SELECTOR = YES;
				GCC_WARN_UNINITIALIZED_AUTOS = YES_AGGRESSIVE;
				GCC_WARN_UNUSED_FUNCTION = YES;
				GCC_WARN_UNUSED_VARIABLE = YES;
				IPHONEOS_DEPLOYMENT_TARGET = 10.3;
				MTL_ENABLE_DEBUG_INFO = NO;
				SDKROOT = iphoneos;
				SWIFT_OPTIMIZATION_LEVEL = "-Owholemodule";
				VALIDATE_PRODUCT = YES;
			};
			name = Release;
		};
		F692C3AC1EDCBF01006804AA /* Debug */ = {
			isa = XCBuildConfiguration;
			buildSettings = {
				ASSETCATALOG_COMPILER_APPICON_NAME = AppIcon;
				DEVELOPMENT_TEAM = 34KC4VR7Y2;
				INFOPLIST_FILE = DreamList/Info.plist;
				LD_RUNPATH_SEARCH_PATHS = "$(inherited) @executable_path/Frameworks";
				PRODUCT_BUNDLE_IDENTIFIER = com.lanefaison.DreamList;
				PRODUCT_NAME = "$(TARGET_NAME)";
				SWIFT_VERSION = 3.0;
			};
			name = Debug;
		};
		F692C3AD1EDCBF01006804AA /* Release */ = {
			isa = XCBuildConfiguration;
			buildSettings = {
				ASSETCATALOG_COMPILER_APPICON_NAME = AppIcon;
				DEVELOPMENT_TEAM = 34KC4VR7Y2;
				INFOPLIST_FILE = DreamList/Info.plist;
				LD_RUNPATH_SEARCH_PATHS = "$(inherited) @executable_path/Frameworks";
				PRODUCT_BUNDLE_IDENTIFIER = com.lanefaison.DreamList;
				PRODUCT_NAME = "$(TARGET_NAME)";
				SWIFT_VERSION = 3.0;
			};
			name = Release;
		};
/* End XCBuildConfiguration section */

/* Begin XCConfigurationList section */
		F692C3911EDCBF01006804AA /* Build configuration list for PBXProject "DreamList" */ = {
			isa = XCConfigurationList;
			buildConfigurations = (
				F692C3A91EDCBF01006804AA /* Debug */,
				F692C3AA1EDCBF01006804AA /* Release */,
			);
			defaultConfigurationIsVisible = 0;
			defaultConfigurationName = Release;
		};
		F692C3AB1EDCBF01006804AA /* Build configuration list for PBXNativeTarget "DreamList" */ = {
			isa = XCConfigurationList;
			buildConfigurations = (
				F692C3AC1EDCBF01006804AA /* Debug */,
				F692C3AD1EDCBF01006804AA /* Release */,
			);
			defaultConfigurationIsVisible = 0;
		};
/* End XCConfigurationList section */

/* Begin XCVersionGroup section */
		F692C3A01EDCBF01006804AA /* DreamList.xcdatamodeld */ = {
			isa = XCVersionGroup;
			children = (
				F692C3A11EDCBF01006804AA /* DreamList.xcdatamodel */,
			);
			currentVersion = F692C3A11EDCBF01006804AA /* DreamList.xcdatamodel */;
			path = DreamList.xcdatamodeld;
			sourceTree = "<group>";
			versionGroupType = wrapper.xcdatamodel;
		};
/* End XCVersionGroup section */
	};
	rootObject = F692C38E1EDCBF01006804AA /* Project object */;
}
